// !$*UTF8*$!
{
	archiveVersion = 1;
	classes = {
	};
	objectVersion = 46;
	objects = {

/* Begin PBXBuildFile section */
		76CCF5501E6E4F9A00761DDB /* main.m in Sources */ = {isa = PBXBuildFile; fileRef = 76CCF54F1E6E4F9A00761DDB /* main.m */; };
		76CCF5531E6E4F9B00761DDB /* AppDelegate.m in Sources */ = {isa = PBXBuildFile; fileRef = 76CCF5521E6E4F9B00761DDB /* AppDelegate.m */; };
		76CCF5561E6E4F9B00761DDB /* ViewController.m in Sources */ = {isa = PBXBuildFile; fileRef = 76CCF5551E6E4F9B00761DDB /* ViewController.m */; };
		76CCF5591E6E4F9C00761DDB /* Main.storyboard in Resources */ = {isa = PBXBuildFile; fileRef = 76CCF5571E6E4F9C00761DDB /* Main.storyboard */; };
		76CCF55B1E6E4F9C00761DDB /* Assets.xcassets in Resources */ = {isa = PBXBuildFile; fileRef = 76CCF55A1E6E4F9C00761DDB /* Assets.xcassets */; };
		76CCF55E1E6E4F9C00761DDB /* LaunchScreen.storyboard in Resources */ = {isa = PBXBuildFile; fileRef = 76CCF55C1E6E4F9C00761DDB /* LaunchScreen.storyboard */; };
		76CCF5691E6E4F9D00761DDB /* TestTests.m in Sources */ = {isa = PBXBuildFile; fileRef = 76CCF5681E6E4F9D00761DDB /* TestTests.m */; };
		76CCF5741E6E4F9D00761DDB /* TestUITests.m in Sources */ = {isa = PBXBuildFile; fileRef = 76CCF5731E6E4F9D00761DDB /* TestUITests.m */; };
/* End PBXBuildFile section */

/* Begin PBXContainerItemProxy section */
		76CCF5651E6E4F9D00761DDB /* PBXContainerItemProxy */ = {
			isa = PBXContainerItemProxy;
			containerPortal = 76CCF5431E6E4F9900761DDB /* Project object */;
			proxyType = 1;
			remoteGlobalIDString = 76CCF54A1E6E4F9A00761DDB;
			remoteInfo = Test;
		};
		76CCF5701E6E4F9D00761DDB /* PBXContainerItemProxy */ = {
			isa = PBXContainerItemProxy;
			containerPortal = 76CCF5431E6E4F9900761DDB /* Project object */;
			proxyType = 1;
			remoteGlobalIDString = 76CCF54A1E6E4F9A00761DDB;
			remoteInfo = Test;
		};
/* End PBXContainerItemProxy section */

/* Begin PBXFileReference section */
		76CCF54B1E6E4F9A00761DDB /* Test.app */ = {isa = PBXFileReference; explicitFileType = wrapper.application; includeInIndex = 0; path = Test.app; sourceTree = BUILT_PRODUCTS_DIR; };
		76CCF54F1E6E4F9A00761DDB /* main.m */ = {isa = PBXFileReference; lastKnownFileType = sourcecode.c.objc; path = main.m; sourceTree = "<group>"; };
		76CCF5511E6E4F9B00761DDB /* AppDelegate.h */ = {isa = PBXFileReference; lastKnownFileType = sourcecode.c.h; path = AppDelegate.h; sourceTree = "<group>"; };
		76CCF5521E6E4F9B00761DDB /* AppDelegate.m */ = {isa = PBXFileReference; lastKnownFileType = sourcecode.c.objc; path = AppDelegate.m; sourceTree = "<group>"; };
		76CCF5541E6E4F9B00761DDB /* ViewController.h */ = {isa = PBXFileReference; lastKnownFileType = sourcecode.c.h; path = ViewController.h; sourceTree = "<group>"; };
		76CCF5551E6E4F9B00761DDB /* ViewController.m */ = {isa = PBXFileReference; lastKnownFileType = sourcecode.c.objc; path = ViewController.m; sourceTree = "<group>"; };
		76CCF5581E6E4F9C00761DDB /* Base */ = {isa = PBXFileReference; lastKnownFileType = file.storyboard; name = Base; path = Base.lproj/Main.storyboard; sourceTree = "<group>"; };
		76CCF55A1E6E4F9C00761DDB /* Assets.xcassets */ = {isa = PBXFileReference; lastKnownFileType = folder.assetcatalog; path = Assets.xcassets; sourceTree = "<group>"; };
		76CCF55D1E6E4F9C00761DDB /* Base */ = {isa = PBXFileReference; lastKnownFileType = file.storyboard; name = Base; path = Base.lproj/LaunchScreen.storyboard; sourceTree = "<group>"; };
		76CCF55F1E6E4F9C00761DDB /* Info.plist */ = {isa = PBXFileReference; lastKnownFileType = text.plist.xml; path = Info.plist; sourceTree = "<group>"; };
		76CCF5641E6E4F9D00761DDB /* TestTests.xctest */ = {isa = PBXFileReference; explicitFileType = wrapper.cfbundle; includeInIndex = 0; path = TestTests.xctest; sourceTree = BUILT_PRODUCTS_DIR; };
		76CCF5681E6E4F9D00761DDB /* TestTests.m */ = {isa = PBXFileReference; lastKnownFileType = sourcecode.c.objc; path = TestTests.m; sourceTree = "<group>"; };
		76CCF56A1E6E4F9D00761DDB /* Info.plist */ = {isa = PBXFileReference; lastKnownFileType = text.plist.xml; path = Info.plist; sourceTree = "<group>"; };
		76CCF56F1E6E4F9D00761DDB /* TestUITests.xctest */ = {isa = PBXFileReference; explicitFileType = wrapper.cfbundle; includeInIndex = 0; path = TestUITests.xctest; sourceTree = BUILT_PRODUCTS_DIR; };
		76CCF5731E6E4F9D00761DDB /* TestUITests.m */ = {isa = PBXFileReference; lastKnownFileType = sourcecode.c.objc; path = TestUITests.m; sourceTree = "<group>"; };
		76CCF5751E6E4F9D00761DDB /* Info.plist */ = {isa = PBXFileReference; lastKnownFileType = text.plist.xml; path = Info.plist; sourceTree = "<group>"; };
/* End PBXFileReference section */

/* Begin PBXFrameworksBuildPhase section */
		76CCF5481E6E4F9A00761DDB /* Frameworks */ = {
			isa = PBXFrameworksBuildPhase;
			buildActionMask = 2147483647;
			files = (
			);
			runOnlyForDeploymentPostprocessing = 0;
		};
		76CCF5611E6E4F9D00761DDB /* Frameworks */ = {
			isa = PBXFrameworksBuildPhase;
			buildActionMask = 2147483647;
			files = (
			);
			runOnlyForDeploymentPostprocessing = 0;
		};
		76CCF56C1E6E4F9D00761DDB /* Frameworks */ = {
			isa = PBXFrameworksBuildPhase;
			buildActionMask = 2147483647;
			files = (
			);
			runOnlyForDeploymentPostprocessing = 0;
		};
/* End PBXFrameworksBuildPhase section */

/* Begin PBXGroup section */
		76CCF5421E6E4F9900761DDB = {
			isa = PBXGroup;
			children = (
				76CCF54D1E6E4F9A00761DDB /* Test */,
				76CCF5671E6E4F9D00761DDB /* TestTests */,
				76CCF5721E6E4F9D00761DDB /* TestUITests */,
				76CCF54C1E6E4F9A00761DDB /* Products */,
			);
			sourceTree = "<group>";
		};
		76CCF54C1E6E4F9A00761DDB /* Products */ = {
			isa = PBXGroup;
			children = (
				76CCF54B1E6E4F9A00761DDB /* Test.app */,
				76CCF5641E6E4F9D00761DDB /* TestTests.xctest */,
				76CCF56F1E6E4F9D00761DDB /* TestUITests.xctest */,
			);
			name = Products;
			sourceTree = "<group>";
		};
		76CCF54D1E6E4F9A00761DDB /* Test */ = {
			isa = PBXGroup;
			children = (
				76CCF5511E6E4F9B00761DDB /* AppDelegate.h */,
				76CCF5521E6E4F9B00761DDB /* AppDelegate.m */,
				76CCF5541E6E4F9B00761DDB /* ViewController.h */,
				76CCF5551E6E4F9B00761DDB /* ViewController.m */,
				76CCF5571E6E4F9C00761DDB /* Main.storyboard */,
				76CCF55A1E6E4F9C00761DDB /* Assets.xcassets */,
				76CCF55C1E6E4F9C00761DDB /* LaunchScreen.storyboard */,
				76CCF55F1E6E4F9C00761DDB /* Info.plist */,
				76CCF54E1E6E4F9A00761DDB /* Supporting Files */,
			);
			path = Test;
			sourceTree = "<group>";
		};
		76CCF54E1E6E4F9A00761DDB /* Supporting Files */ = {
			isa = PBXGroup;
			children = (
				76CCF54F1E6E4F9A00761DDB /* main.m */,
			);
			name = "Supporting Files";
			sourceTree = "<group>";
		};
		76CCF5671E6E4F9D00761DDB /* TestTests */ = {
			isa = PBXGroup;
			children = (
				76CCF5681E6E4F9D00761DDB /* TestTests.m */,
				76CCF56A1E6E4F9D00761DDB /* Info.plist */,
			);
			path = TestTests;
			sourceTree = "<group>";
		};
		76CCF5721E6E4F9D00761DDB /* TestUITests */ = {
			isa = PBXGroup;
			children = (
				76CCF5731E6E4F9D00761DDB /* TestUITests.m */,
				76CCF5751E6E4F9D00761DDB /* Info.plist */,
			);
			path = TestUITests;
			sourceTree = "<group>";
		};
/* End PBXGroup section */

/* Begin PBXNativeTarget section */
		76CCF54A1E6E4F9A00761DDB /* Test */ = {
			isa = PBXNativeTarget;
			buildConfigurationList = 76CCF5781E6E4F9D00761DDB /* Build configuration list for PBXNativeTarget "Test" */;
			buildPhases = (
				76CCF5471E6E4F9A00761DDB /* Sources */,
				76CCF5481E6E4F9A00761DDB /* Frameworks */,
				76CCF5491E6E4F9A00761DDB /* Resources */,
			);
			buildRules = (
			);
			dependencies = (
			);
			name = Test;
			productName = Test;
			productReference = 76CCF54B1E6E4F9A00761DDB /* Test.app */;
			productType = "com.apple.product-type.application";
		};
		76CCF5631E6E4F9D00761DDB /* TestTests */ = {
			isa = PBXNativeTarget;
			buildConfigurationList = 76CCF57B1E6E4F9D00761DDB /* Build configuration list for PBXNativeTarget "TestTests" */;
			buildPhases = (
				76CCF5601E6E4F9D00761DDB /* Sources */,
				76CCF5611E6E4F9D00761DDB /* Frameworks */,
				76CCF5621E6E4F9D00761DDB /* Resources */,
			);
			buildRules = (
			);
			dependencies = (
				76CCF5661E6E4F9D00761DDB /* PBXTargetDependency */,
			);
			name = TestTests;
			productName = TestTests;
			productReference = 76CCF5641E6E4F9D00761DDB /* TestTests.xctest */;
			productType = "com.apple.product-type.bundle.unit-test";
		};
		76CCF56E1E6E4F9D00761DDB /* TestUITests */ = {
			isa = PBXNativeTarget;
			buildConfigurationList = 76CCF57E1E6E4F9D00761DDB /* Build configuration list for PBXNativeTarget "TestUITests" */;
			buildPhases = (
				76CCF56B1E6E4F9D00761DDB /* Sources */,
				76CCF56C1E6E4F9D00761DDB /* Frameworks */,
				76CCF56D1E6E4F9D00761DDB /* Resources */,
			);
			buildRules = (
			);
			dependencies = (
				76CCF5711E6E4F9D00761DDB /* PBXTargetDependency */,
			);
			name = TestUITests;
			productName = TestUITests;
			productReference = 76CCF56F1E6E4F9D00761DDB /* TestUITests.xctest */;
			productType = "com.apple.product-type.bundle.ui-testing";
		};
/* End PBXNativeTarget section */

/* Begin PBXProject section */
		76CCF5431E6E4F9900761DDB /* Project object */ = {
			isa = PBXProject;
			attributes = {
				LastUpgradeCheck = 0820;
				ORGANIZATIONNAME = rongyi;
				TargetAttributes = {
					76CCF54A1E6E4F9A00761DDB = {
						CreatedOnToolsVersion = 8.2.1;
						DevelopmentTeam = 2P4Y9G28ZM;
						ProvisioningStyle = Manual;
					};
					76CCF5631E6E4F9D00761DDB = {
						CreatedOnToolsVersion = 8.2.1;
						ProvisioningStyle = Automatic;
						TestTargetID = 76CCF54A1E6E4F9A00761DDB;
					};
					76CCF56E1E6E4F9D00761DDB = {
						CreatedOnToolsVersion = 8.2.1;
						ProvisioningStyle = Automatic;
						TestTargetID = 76CCF54A1E6E4F9A00761DDB;
					};
				};
			};
			buildConfigurationList = 76CCF5461E6E4F9900761DDB /* Build configuration list for PBXProject "Test" */;
			compatibilityVersion = "Xcode 3.2";
			developmentRegion = English;
			hasScannedForEncodings = 0;
			knownRegions = (
				en,
				Base,
			);
			mainGroup = 76CCF5421E6E4F9900761DDB;
			productRefGroup = 76CCF54C1E6E4F9A00761DDB /* Products */;
			projectDirPath = "";
			projectRoot = "";
			targets = (
				76CCF54A1E6E4F9A00761DDB /* Test */,
				76CCF5631E6E4F9D00761DDB /* TestTests */,
				76CCF56E1E6E4F9D00761DDB /* TestUITests */,
			);
		};
/* End PBXProject section */

/* Begin PBXResourcesBuildPhase section */
		76CCF5491E6E4F9A00761DDB /* Resources */ = {
			isa = PBXResourcesBuildPhase;
			buildActionMask = 2147483647;
			files = (
				76CCF55E1E6E4F9C00761DDB /* LaunchScreen.storyboard in Resources */,
				76CCF55B1E6E4F9C00761DDB /* Assets.xcassets in Resources */,
				76CCF5591E6E4F9C00761DDB /* Main.storyboard in Resources */,
			);
			runOnlyForDeploymentPostprocessing = 0;
		};
		76CCF5621E6E4F9D00761DDB /* Resources */ = {
			isa = PBXResourcesBuildPhase;
			buildActionMask = 2147483647;
			files = (
			);
			runOnlyForDeploymentPostprocessing = 0;
		};
		76CCF56D1E6E4F9D00761DDB /* Resources */ = {
			isa = PBXResourcesBuildPhase;
			buildActionMask = 2147483647;
			files = (
			);
			runOnlyForDeploymentPostprocessing = 0;
		};
/* End PBXResourcesBuildPhase section */

/* Begin PBXSourcesBuildPhase section */
		76CCF5471E6E4F9A00761DDB /* Sources */ = {
			isa = PBXSourcesBuildPhase;
			buildActionMask = 2147483647;
			files = (
				76CCF5561E6E4F9B00761DDB /* ViewController.m in Sources */,
				76CCF5531E6E4F9B00761DDB /* AppDelegate.m in Sources */,
				76CCF5501E6E4F9A00761DDB /* main.m in Sources */,
			);
			runOnlyForDeploymentPostprocessing = 0;
		};
		76CCF5601E6E4F9D00761DDB /* Sources */ = {
			isa = PBXSourcesBuildPhase;
			buildActionMask = 2147483647;
			files = (
				76CCF5691E6E4F9D00761DDB /* TestTests.m in Sources */,
			);
			runOnlyForDeploymentPostprocessing = 0;
		};
		76CCF56B1E6E4F9D00761DDB /* Sources */ = {
			isa = PBXSourcesBuildPhase;
			buildActionMask = 2147483647;
			files = (
				76CCF5741E6E4F9D00761DDB /* TestUITests.m in Sources */,
			);
			runOnlyForDeploymentPostprocessing = 0;
		};
/* End PBXSourcesBuildPhase section */

/* Begin PBXTargetDependency section */
		76CCF5661E6E4F9D00761DDB /* PBXTargetDependency */ = {
			isa = PBXTargetDependency;
			target = 76CCF54A1E6E4F9A00761DDB /* Test */;
			targetProxy = 76CCF5651E6E4F9D00761DDB /* PBXContainerItemProxy */;
		};
		76CCF5711E6E4F9D00761DDB /* PBXTargetDependency */ = {
			isa = PBXTargetDependency;
			target = 76CCF54A1E6E4F9A00761DDB /* Test */;
			targetProxy = 76CCF5701E6E4F9D00761DDB /* PBXContainerItemProxy */;
		};
/* End PBXTargetDependency section */

/* Begin PBXVariantGroup section */
		76CCF5571E6E4F9C00761DDB /* Main.storyboard */ = {
			isa = PBXVariantGroup;
			children = (
				76CCF5581E6E4F9C00761DDB /* Base */,
			);
			name = Main.storyboard;
			sourceTree = "<group>";
		};
		76CCF55C1E6E4F9C00761DDB /* LaunchScreen.storyboard */ = {
			isa = PBXVariantGroup;
			children = (
				76CCF55D1E6E4F9C00761DDB /* Base */,
			);
			name = LaunchScreen.storyboard;
			sourceTree = "<group>";
		};
/* End PBXVariantGroup section */

/* Begin XCBuildConfiguration section */
		76CCF5761E6E4F9D00761DDB /* Debug */ = {
			isa = XCBuildConfiguration;
			buildSettings = {
				ALWAYS_SEARCH_USER_PATHS = NO;
				CLANG_ANALYZER_NONNULL = YES;
				CLANG_CXX_LANGUAGE_STANDARD = "gnu++0x";
				CLANG_CXX_LIBRARY = "libc++";
				CLANG_ENABLE_MODULES = YES;
				CLANG_ENABLE_OBJC_ARC = YES;
				CLANG_WARN_BOOL_CONVERSION = YES;
				CLANG_WARN_CONSTANT_CONVERSION = YES;
				CLANG_WARN_DIRECT_OBJC_ISA_USAGE = YES_ERROR;
				CLANG_WARN_DOCUMENTATION_COMMENTS = YES;
				CLANG_WARN_EMPTY_BODY = YES;
				CLANG_WARN_ENUM_CONVERSION = YES;
				CLANG_WARN_INFINITE_RECURSION = YES;
				CLANG_WARN_INT_CONVERSION = YES;
				CLANG_WARN_OBJC_ROOT_CLASS = YES_ERROR;
				CLANG_WARN_SUSPICIOUS_MOVE = YES;
				CLANG_WARN_UNREACHABLE_CODE = YES;
				CLANG_WARN__DUPLICATE_METHOD_MATCH = YES;
				CODE_SIGN_IDENTITY = "iPhone Developer: Hong Wei Yu (4WEJN23F97)";
				"CODE_SIGN_IDENTITY[sdk=iphoneos*]" = "iPhone Developer: Hong Wei Yu (4WEJN23F97)";
				COPY_PHASE_STRIP = NO;
				DEBUG_INFORMATION_FORMAT = dwarf;
				ENABLE_STRICT_OBJC_MSGSEND = YES;
				ENABLE_TESTABILITY = YES;
				GCC_C_LANGUAGE_STANDARD = gnu99;
				GCC_DYNAMIC_NO_PIC = NO;
				GCC_NO_COMMON_BLOCKS = YES;
				GCC_OPTIMIZATION_LEVEL = 0;
				GCC_PREPROCESSOR_DEFINITIONS = (
					"DEBUG=1",
					"$(inherited)",
				);
				GCC_WARN_64_TO_32_BIT_CONVERSION = YES;
				GCC_WARN_ABOUT_RETURN_TYPE = YES_ERROR;
				GCC_WARN_UNDECLARED_SELECTOR = YES;
				GCC_WARN_UNINITIALIZED_AUTOS = YES_AGGRESSIVE;
				GCC_WARN_UNUSED_FUNCTION = YES;
				GCC_WARN_UNUSED_VARIABLE = YES;
				IPHONEOS_DEPLOYMENT_TARGET = 8.0;
				MTL_ENABLE_DEBUG_INFO = YES;
				ONLY_ACTIVE_ARCH = YES;
				PROVISIONING_PROFILE = "ff70a549-17f3-4420-bef1-087e6ab77479";
				SDKROOT = iphoneos;
				TARGETED_DEVICE_FAMILY = "1,2";
			};
			name = Debug;
		};
		76CCF5771E6E4F9D00761DDB /* Release */ = {
			isa = XCBuildConfiguration;
			buildSettings = {
				ALWAYS_SEARCH_USER_PATHS = NO;
				CLANG_ANALYZER_NONNULL = YES;
				CLANG_CXX_LANGUAGE_STANDARD = "gnu++0x";
				CLANG_CXX_LIBRARY = "libc++";
				CLANG_ENABLE_MODULES = YES;
				CLANG_ENABLE_OBJC_ARC = YES;
				CLANG_WARN_BOOL_CONVERSION = YES;
				CLANG_WARN_CONSTANT_CONVERSION = YES;
				CLANG_WARN_DIRECT_OBJC_ISA_USAGE = YES_ERROR;
				CLANG_WARN_DOCUMENTATION_COMMENTS = YES;
				CLANG_WARN_EMPTY_BODY = YES;
				CLANG_WARN_ENUM_CONVERSION = YES;
				CLANG_WARN_INFINITE_RECURSION = YES;
				CLANG_WARN_INT_CONVERSION = YES;
				CLANG_WARN_OBJC_ROOT_CLASS = YES_ERROR;
				CLANG_WARN_SUSPICIOUS_MOVE = YES;
				CLANG_WARN_UNREACHABLE_CODE = YES;
				CLANG_WARN__DUPLICATE_METHOD_MATCH = YES;
				CODE_SIGN_IDENTITY = "iPhone Distribution: Shanghai Mall Go E-commerce Corp. (2P4Y9G28ZM)";
				"CODE_SIGN_IDENTITY[sdk=iphoneos*]" = "iPhone Distribution: Shanghai Mall Go E-commerce Corp. (2P4Y9G28ZM)";
				COPY_PHASE_STRIP = NO;
				DEBUG_INFORMATION_FORMAT = "dwarf-with-dsym";
				ENABLE_NS_ASSERTIONS = NO;
				ENABLE_STRICT_OBJC_MSGSEND = YES;
				GCC_C_LANGUAGE_STANDARD = gnu99;
				GCC_NO_COMMON_BLOCKS = YES;
				GCC_WARN_64_TO_32_BIT_CONVERSION = YES;
				GCC_WARN_ABOUT_RETURN_TYPE = YES_ERROR;
				GCC_WARN_UNDECLARED_SELECTOR = YES;
				GCC_WARN_UNINITIALIZED_AUTOS = YES_AGGRESSIVE;
				GCC_WARN_UNUSED_FUNCTION = YES;
				GCC_WARN_UNUSED_VARIABLE = YES;
				IPHONEOS_DEPLOYMENT_TARGET = 8.0;
				MTL_ENABLE_DEBUG_INFO = NO;
				PROVISIONING_PROFILE = "ff70a549-17f3-4420-bef1-087e6ab77479";
				SDKROOT = iphoneos;
				TARGETED_DEVICE_FAMILY = "1,2";
				VALIDATE_PRODUCT = YES;
			};
			name = Release;
		};
		76CCF5791E6E4F9D00761DDB /* Debug */ = {
			isa = XCBuildConfiguration;
			buildSettings = {
				ASSETCATALOG_COMPILER_APPICON_NAME = AppIcon;
				CODE_SIGN_IDENTITY = "iPhone Developer: Hong Wei Yu (4WEJN23F97)";
				"CODE_SIGN_IDENTITY[sdk=iphoneos*]" = "iPhone Developer: Hong Wei Yu (4WEJN23F97)";
				DEVELOPMENT_TEAM = 2P4Y9G28ZM;
				INFOPLIST_FILE = Test/Info.plist;
				IPHONEOS_DEPLOYMENT_TARGET = 8.0;
				LD_RUNPATH_SEARCH_PATHS = "$(inherited) @executable_path/Frameworks";
				PRODUCT_BUNDLE_IDENTIFIER = com.rongyi.md;
				PRODUCT_NAME = "$(TARGET_NAME)";
				PROVISIONING_PROFILE = "ff70a549-17f3-4420-bef1-087e6ab77479";
				PROVISIONING_PROFILE_SPECIFIER = mdDevForMogou;
				TARGETED_DEVICE_FAMILY = 1;
			};
			name = Debug;
		};
		76CCF57A1E6E4F9D00761DDB /* Release */ = {
			isa = XCBuildConfiguration;
			buildSettings = {
				ASSETCATALOG_COMPILER_APPICON_NAME = AppIcon;
				CODE_SIGN_IDENTITY = "iPhone Distribution: Shanghai Mall Go E-commerce Corp. (2P4Y9G28ZM)";
				"CODE_SIGN_IDENTITY[sdk=iphoneos*]" = "iPhone Distribution: Shanghai Mall Go E-commerce Corp. (2P4Y9G28ZM)";
				DEVELOPMENT_TEAM = 2P4Y9G28ZM;
				INFOPLIST_FILE = Test/Info.plist;
				IPHONEOS_DEPLOYMENT_TARGET = 8.0;
				LD_RUNPATH_SEARCH_PATHS = "$(inherited) @executable_path/Frameworks";
				PRODUCT_BUNDLE_IDENTIFIER = com.rongyi.md;
				PRODUCT_NAME = "$(TARGET_NAME)";
				PROVISIONING_PROFILE = "afa4f6b1-f214-46d2-9840-907cb1993132";
				PROVISIONING_PROFILE_SPECIFIER = mdDisForMogou;
				TARGETED_DEVICE_FAMILY = 1;
			};
			name = Release;
		};
		76CCF57C1E6E4F9D00761DDB /* Debug */ = {
			isa = XCBuildConfiguration;
			buildSettings = {
				BUNDLE_LOADER = "$(TEST_HOST)";
				INFOPLIST_FILE = TestTests/Info.plist;
				LD_RUNPATH_SEARCH_PATHS = "$(inherited) @executable_path/Frameworks @loader_path/Frameworks";
				PRODUCT_BUNDLE_IDENTIFIER = com..TestTests;
				PRODUCT_NAME = "$(TARGET_NAME)";
				TEST_HOST = "$(BUILT_PRODUCTS_DIR)/Test.app/Test";
			};
			name = Debug;
		};
		76CCF57D1E6E4F9D00761DDB /* Release */ = {
			isa = XCBuildConfiguration;
			buildSettings = {
				BUNDLE_LOADER = "$(TEST_HOST)";
				INFOPLIST_FILE = TestTests/Info.plist;
				LD_RUNPATH_SEARCH_PATHS = "$(inherited) @executable_path/Frameworks @loader_path/Frameworks";
				PRODUCT_BUNDLE_IDENTIFIER = com..TestTests;
				PRODUCT_NAME = "$(TARGET_NAME)";
				TEST_HOST = "$(BUILT_PRODUCTS_DIR)/Test.app/Test";
			};
			name = Release;
		};
		76CCF57F1E6E4F9D00761DDB /* Debug */ = {
			isa = XCBuildConfiguration;
			buildSettings = {
				INFOPLIST_FILE = TestUITests/Info.plist;
				LD_RUNPATH_SEARCH_PATHS = "$(inherited) @executable_path/Frameworks @loader_path/Frameworks";
				PRODUCT_BUNDLE_IDENTIFIER = com..TestUITests;
				PRODUCT_NAME = "$(TARGET_NAME)";
				TEST_TARGET_NAME = Test;
			};
			name = Debug;
		};
		76CCF5801E6E4F9D00761DDB /* Release */ = {
			isa = XCBuildConfiguration;
			buildSettings = {
				INFOPLIST_FILE = TestUITests/Info.plist;
				LD_RUNPATH_SEARCH_PATHS = "$(inherited) @executable_path/Frameworks @loader_path/Frameworks";
				PRODUCT_BUNDLE_IDENTIFIER = com..TestUITests;
				PRODUCT_NAME = "$(TARGET_NAME)";
				TEST_TARGET_NAME = Test;
			};
			name = Release;
		};
/* End XCBuildConfiguration section */

/* Begin XCConfigurationList section */
		76CCF5461E6E4F9900761DDB /* Build configuration list for PBXProject "Test" */ = {
			isa = XCConfigurationList;
			buildConfigurations = (
				76CCF5761E6E4F9D00761DDB /* Debug */,
				76CCF5771E6E4F9D00761DDB /* Release */,
			);
			defaultConfigurationIsVisible = 0;
			defaultConfigurationName = Release;
		};
		76CCF5781E6E4F9D00761DDB /* Build configuration list for PBXNativeTarget "Test" */ = {
			isa = XCConfigurationList;
			buildConfigurations = (
				76CCF5791E6E4F9D00761DDB /* Debug */,
				76CCF57A1E6E4F9D00761DDB /* Release */,
			);
			defaultConfigurationIsVisible = 0;
		};
		76CCF57B1E6E4F9D00761DDB /* Build configuration list for PBXNativeTarget "TestTests" */ = {
			isa = XCConfigurationList;
			buildConfigurations = (
				76CCF57C1E6E4F9D00761DDB /* Debug */,
				76CCF57D1E6E4F9D00761DDB /* Release */,
			);
			defaultConfigurationIsVisible = 0;
		};
		76CCF57E1E6E4F9D00761DDB /* Build configuration list for PBXNativeTarget "TestUITests" */ = {
			isa = XCConfigurationList;
			buildConfigurations = (
				76CCF57F1E6E4F9D00761DDB /* Debug */,
				76CCF5801E6E4F9D00761DDB /* Release */,
			);
			defaultConfigurationIsVisible = 0;
		};
/* End XCConfigurationList section */
	};
	rootObject = 76CCF5431E6E4F9900761DDB /* Project object */;
}
